
Microsoft Visual Studio Solution File, Format Version 12.00
# Visual Studio Version 17
VisualStudioVersion = 17.12.35527.113 d17.12
MinimumVisualStudioVersion = 10.0.40219.1
Project("{FAE04EC0-301F-11D3-BF4B-00C04F79EFBC}") = "E-Commrece", "E-Commrece\E-Commrece.csproj", "{A6F10ABF-50B0-4DBB-B1B6-944F2D41796B}"
EndProject
Project("{2150E333-8FDC-42A3-9474-1A3956D46DE8}") = "Core", "Core", "{2220FB50-2859-4AC8-A4C6-A1488879E04E}"
EndProject
Project("{FAE04EC0-301F-11D3-BF4B-00C04F79EFBC}") = "Domain", "Core\Domain\Domain.csproj", "{40A98531-9C56-4E07-B745-C805B101B4AD}"
EndProject
Project("{FAE04EC0-301F-11D3-BF4B-00C04F79EFBC}") = "Services", "Core\Services\Services.csproj", "{4EFDCC78-F4F7-4D41-9828-3CEBE64DA11B}"
EndProject
Project("{FAE04EC0-301F-11D3-BF4B-00C04F79EFBC}") = "Services.Abstractions", "Core\Services.Abstractions\Services.Abstractions.csproj", "{2DAB0A07-3B2D-4DF4-B6A9-6F7C30B4F855}"
EndProject
Project("{2150E333-8FDC-42A3-9474-1A3956D46DE8}") = "Infrastructrue", "Infrastructrue", "{4F118FA3-8AD5-490F-85C0-1A19A680E5B8}"
EndProject
Project("{FAE04EC0-301F-11D3-BF4B-00C04F79EFBC}") = "Persistence", "Infrastructrue\Persestance\Persistence.csproj", "{6D6BC91B-4FB1-42F4-BB9D-910B78A6FD11}"
EndProject
Project("{FAE04EC0-301F-11D3-BF4B-00C04F79EFBC}") = "Persentation", "Infrastructrue\Persentation\Persentation.csproj", "{8E2FC819-2322-4DF3-9241-14AE2768ABD2}"
EndProject
Project("{FAE04EC0-301F-11D3-BF4B-00C04F79EFBC}") = "Shared", "Shared\Shared.csproj", "{A8D47157-0478-4C22-AB5D-20C697509294}"
EndProject
Global
	GlobalSection(SolutionConfigurationPlatforms) = preSolution
		Debug|Any CPU = Debug|Any CPU
		Release|Any CPU = Release|Any CPU
	EndGlobalSection
	GlobalSection(ProjectConfigurationPlatforms) = postSolution
		{A6F10ABF-50B0-4DBB-B1B6-944F2D41796B}.Debug|Any CPU.ActiveCfg = Debug|Any CPU
		{A6F10ABF-50B0-4DBB-B1B6-944F2D41796B}.Debug|Any CPU.Build.0 = Debug|Any CPU
		{A6F10ABF-50B0-4DBB-B1B6-944F2D41796B}.Release|Any CPU.ActiveCfg = Release|Any CPU
		{A6F10ABF-50B0-4DBB-B1B6-944F2D41796B}.Release|Any CPU.Build.0 = Release|Any CPU
		{40A98531-9C56-4E07-B745-C805B101B4AD}.Debug|Any CPU.ActiveCfg = Debug|Any CPU
		{40A98531-9C56-4E07-B745-C805B101B4AD}.Debug|Any CPU.Build.0 = Debug|Any CPU
		{40A98531-9C56-4E07-B745-C805B101B4AD}.Release|Any CPU.ActiveCfg = Release|Any CPU
		{40A98531-9C56-4E07-B745-C805B101B4AD}.Release|Any CPU.Build.0 = Release|Any CPU
		{4EFDCC78-F4F7-4D41-9828-3CEBE64DA11B}.Debug|Any CPU.ActiveCfg = Debug|Any CPU
		{4EFDCC78-F4F7-4D41-9828-3CEBE64DA11B}.Debug|Any CPU.Build.0 = Debug|Any CPU
		{4EFDCC78-F4F7-4D41-9828-3CEBE64DA11B}.Release|Any CPU.ActiveCfg = Release|Any CPU
		{4EFDCC78-F4F7-4D41-9828-3CEBE64DA11B}.Release|Any CPU.Build.0 = Release|Any CPU
		{2DAB0A07-3B2D-4DF4-B6A9-6F7C30B4F855}.Debug|Any CPU.ActiveCfg = Debug|Any CPU
		{2DAB0A07-3B2D-4DF4-B6A9-6F7C30B4F855}.Debug|Any CPU.Build.0 = Debug|Any CPU
		{2DAB0A07-3B2D-4DF4-B6A9-6F7C30B4F855}.Release|Any CPU.ActiveCfg = Release|Any CPU
		{2DAB0A07-3B2D-4DF4-B6A9-6F7C30B4F855}.Release|Any CPU.Build.0 = Release|Any CPU
		{6D6BC91B-4FB1-42F4-BB9D-910B78A6FD11}.Debug|Any CPU.ActiveCfg = Debug|Any CPU
		{6D6BC91B-4FB1-42F4-BB9D-910B78A6FD11}.Debug|Any CPU.Build.0 = Debug|Any CPU
		{6D6BC91B-4FB1-42F4-BB9D-910B78A6FD11}.Release|Any CPU.ActiveCfg = Release|Any CPU
		{6D6BC91B-4FB1-42F4-BB9D-910B78A6FD11}.Release|Any CPU.Build.0 = Release|Any CPU
		{8E2FC819-2322-4DF3-9241-14AE2768ABD2}.Debug|Any CPU.ActiveCfg = Debug|Any CPU
		{8E2FC819-2322-4DF3-9241-14AE2768ABD2}.Debug|Any CPU.Build.0 = Debug|Any CPU
		{8E2FC819-2322-4DF3-9241-14AE2768ABD2}.Release|Any CPU.ActiveCfg = Release|Any CPU
		{8E2FC819-2322-4DF3-9241-14AE2768ABD2}.Release|Any CPU.Build.0 = Release|Any CPU
		{A8D47157-0478-4C22-AB5D-20C697509294}.Debug|Any CPU.ActiveCfg = Debug|Any CPU
		{A8D47157-0478-4C22-AB5D-20C697509294}.Debug|Any CPU.Build.0 = Debug|Any CPU
		{A8D47157-0478-4C22-AB5D-20C697509294}.Release|Any CPU.ActiveCfg = Release|Any CPU
		{A8D47157-0478-4C22-AB5D-20C697509294}.Release|Any CPU.Build.0 = Release|Any CPU
	EndGlobalSection
	GlobalSection(SolutionProperties) = preSolution
		HideSolutionNode = FALSE
	EndGlobalSection
	GlobalSection(NestedProjects) = preSolution
		{40A98531-9C56-4E07-B745-C805B101B4AD} = {2220FB50-2859-4AC8-A4C6-A1488879E04E}
		{4EFDCC78-F4F7-4D41-9828-3CEBE64DA11B} = {2220FB50-2859-4AC8-A4C6-A1488879E04E}
		{2DAB0A07-3B2D-4DF4-B6A9-6F7C30B4F855} = {2220FB50-2859-4AC8-A4C6-A1488879E04E}
		{6D6BC91B-4FB1-42F4-BB9D-910B78A6FD11} = {4F118FA3-8AD5-490F-85C0-1A19A680E5B8}
		{8E2FC819-2322-4DF3-9241-14AE2768ABD2} = {4F118FA3-8AD5-490F-85C0-1A19A680E5B8}
	EndGlobalSection
EndGlobal
